// !$*UTF8*$!
{
	archiveVersion = 1;
	classes = {
	};
	objectVersion = 50;
	objects = {

/* Begin PBXBuildFile section */
		4917F54323FDC482001DDC5C /* CardsHolderViewController.swift in Sources */ = {isa = PBXBuildFile; fileRef = 4917F54223FDC482001DDC5C /* CardsHolderViewController.swift */; };
		4917F54523FDC490001DDC5C /* CardsHolderView.swift in Sources */ = {isa = PBXBuildFile; fileRef = 4917F54423FDC490001DDC5C /* CardsHolderView.swift */; };
		4995286B23FDBA6900AE64D7 /* AppDelegate.swift in Sources */ = {isa = PBXBuildFile; fileRef = 4995286A23FDBA6900AE64D7 /* AppDelegate.swift */; };
		4995287423FDBA6C00AE64D7 /* Assets.xcassets in Resources */ = {isa = PBXBuildFile; fileRef = 4995287323FDBA6C00AE64D7 /* Assets.xcassets */; };
		4995287723FDBA6C00AE64D7 /* LaunchScreen.storyboard in Resources */ = {isa = PBXBuildFile; fileRef = 4995287523FDBA6C00AE64D7 /* LaunchScreen.storyboard */; };
/* End PBXBuildFile section */

/* Begin PBXFileReference section */
		4917F54223FDC482001DDC5C /* CardsHolderViewController.swift */ = {isa = PBXFileReference; lastKnownFileType = sourcecode.swift; path = CardsHolderViewController.swift; sourceTree = "<group>"; };
		4917F54423FDC490001DDC5C /* CardsHolderView.swift */ = {isa = PBXFileReference; lastKnownFileType = sourcecode.swift; path = CardsHolderView.swift; sourceTree = "<group>"; };
		4995286723FDBA6900AE64D7 /* CardsHolder.app */ = {isa = PBXFileReference; explicitFileType = wrapper.application; includeInIndex = 0; path = CardsHolder.app; sourceTree = BUILT_PRODUCTS_DIR; };
		4995286A23FDBA6900AE64D7 /* AppDelegate.swift */ = {isa = PBXFileReference; lastKnownFileType = sourcecode.swift; name = AppDelegate.swift; path = SupportingFiles/AppDelegate.swift; sourceTree = "<group>"; };
		4995287323FDBA6C00AE64D7 /* Assets.xcassets */ = {isa = PBXFileReference; lastKnownFileType = folder.assetcatalog; path = Assets.xcassets; sourceTree = "<group>"; };
		4995287623FDBA6C00AE64D7 /* Base */ = {isa = PBXFileReference; lastKnownFileType = file.storyboard; name = Base; path = Base.lproj/LaunchScreen.storyboard; sourceTree = "<group>"; };
		4995287823FDBA6C00AE64D7 /* Info.plist */ = {isa = PBXFileReference; lastKnownFileType = text.plist.xml; path = Info.plist; sourceTree = "<group>"; };
/* End PBXFileReference section */

/* Begin PBXFrameworksBuildPhase section */
		4995286423FDBA6900AE64D7 /* Frameworks */ = {
			isa = PBXFrameworksBuildPhase;
			buildActionMask = 2147483647;
			files = (
			);
			runOnlyForDeploymentPostprocessing = 0;
		};
/* End PBXFrameworksBuildPhase section */

/* Begin PBXGroup section */
		4917F53F23FDC412001DDC5C /* SupportingFiles */ = {
			isa = PBXGroup;
			children = (
				4995287323FDBA6C00AE64D7 /* Assets.xcassets */,
				4995287523FDBA6C00AE64D7 /* LaunchScreen.storyboard */,
				4995287823FDBA6C00AE64D7 /* Info.plist */,
			);
			path = SupportingFiles;
			sourceTree = "<group>";
		};
		4917F54023FDC458001DDC5C /* Source */ = {
			isa = PBXGroup;
			children = (
				4917F54223FDC482001DDC5C /* CardsHolderViewController.swift */,
				4917F54423FDC490001DDC5C /* CardsHolderView.swift */,
			);
			path = Source;
			sourceTree = "<group>";
		};
		4917F54123FDC46A001DDC5C /* Scenes */ = {
			isa = PBXGroup;
			children = (
			);
			path = Scenes;
			sourceTree = "<group>";
		};
		4995285E23FDBA6900AE64D7 = {
			isa = PBXGroup;
			children = (
				4995286923FDBA6900AE64D7 /* CardsHolder */,
				4995286823FDBA6900AE64D7 /* Products */,
			);
			sourceTree = "<group>";
		};
		4995286823FDBA6900AE64D7 /* Products */ = {
			isa = PBXGroup;
			children = (
				4995286723FDBA6900AE64D7 /* CardsHolder.app */,
			);
			name = Products;
			sourceTree = "<group>";
		};
		4995286923FDBA6900AE64D7 /* CardsHolder */ = {
			isa = PBXGroup;
			children = (
				4917F54023FDC458001DDC5C /* Source */,
				4917F54123FDC46A001DDC5C /* Scenes */,
				4995286A23FDBA6900AE64D7 /* AppDelegate.swift */,
				4917F53F23FDC412001DDC5C /* SupportingFiles */,
			);
			path = CardsHolder;
			sourceTree = "<group>";
		};
/* End PBXGroup section */

/* Begin PBXNativeTarget section */
		4995286623FDBA6900AE64D7 /* CardsHolder */ = {
			isa = PBXNativeTarget;
			buildConfigurationList = 4995287B23FDBA6C00AE64D7 /* Build configuration list for PBXNativeTarget "CardsHolder" */;
			buildPhases = (
				4995286323FDBA6900AE64D7 /* Sources */,
				4995286423FDBA6900AE64D7 /* Frameworks */,
				4995286523FDBA6900AE64D7 /* Resources */,
			);
			buildRules = (
			);
			dependencies = (
			);
			name = CardsHolder;
			productName = CardsHolder;
			productReference = 4995286723FDBA6900AE64D7 /* CardsHolder.app */;
			productType = "com.apple.product-type.application";
		};
/* End PBXNativeTarget section */

/* Begin PBXProject section */
		4995285F23FDBA6900AE64D7 /* Project object */ = {
			isa = PBXProject;
			attributes = {
				LastSwiftUpdateCheck = 1130;
				LastUpgradeCheck = 1130;
				ORGANIZATIONNAME = "Serhii Kharauzov";
				TargetAttributes = {
					4995286623FDBA6900AE64D7 = {
						CreatedOnToolsVersion = 11.3;
					};
				};
			};
			buildConfigurationList = 4995286223FDBA6900AE64D7 /* Build configuration list for PBXProject "CardsHolder" */;
			compatibilityVersion = "Xcode 9.3";
			developmentRegion = en;
			hasScannedForEncodings = 0;
			knownRegions = (
				en,
				Base,
			);
			mainGroup = 4995285E23FDBA6900AE64D7;
			productRefGroup = 4995286823FDBA6900AE64D7 /* Products */;
			projectDirPath = "";
			projectRoot = "";
			targets = (
				4995286623FDBA6900AE64D7 /* CardsHolder */,
			);
		};
/* End PBXProject section */

/* Begin PBXResourcesBuildPhase section */
		4995286523FDBA6900AE64D7 /* Resources */ = {
			isa = PBXResourcesBuildPhase;
			buildActionMask = 2147483647;
			files = (
				4995287723FDBA6C00AE64D7 /* LaunchScreen.storyboard in Resources */,
				4995287423FDBA6C00AE64D7 /* Assets.xcassets in Resources */,
			);
			runOnlyForDeploymentPostprocessing = 0;
		};
/* End PBXResourcesBuildPhase section */

/* Begin PBXSourcesBuildPhase section */
		4995286323FDBA6900AE64D7 /* Sources */ = {
			isa = PBXSourcesBuildPhase;
			buildActionMask = 2147483647;
			files = (
				4917F54323FDC482001DDC5C /* CardsHolderViewController.swift in Sources */,
				4995286B23FDBA6900AE64D7 /* AppDelegate.swift in Sources */,
				4917F54523FDC490001DDC5C /* CardsHolderView.swift in Sources */,
			);
			runOnlyForDeploymentPostprocessing = 0;
		};
/* End PBXSourcesBuildPhase section */

/* Begin PBXVariantGroup section */
		4995287523FDBA6C00AE64D7 /* LaunchScreen.storyboard */ = {
			isa = PBXVariantGroup;
			children = (
				4995287623FDBA6C00AE64D7 /* Base */,
			);
			name = LaunchScreen.storyboard;
			sourceTree = "<group>";
		};
/* End PBXVariantGroup section */

/* Begin XCBuildConfiguration section */
		4995287923FDBA6C00AE64D7 /* Debug */ = {
			isa = XCBuildConfiguration;
			buildSettings = {
				ALWAYS_SEARCH_USER_PATHS = NO;
				CLANG_ANALYZER_NONNULL = YES;
				CLANG_ANALYZER_NUMBER_OBJECT_CONVERSION = YES_AGGRESSIVE;
				CLANG_CXX_LANGUAGE_STANDARD = "gnu++14";
				CLANG_CXX_LIBRARY = "libc++";
				CLANG_ENABLE_MODULES = YES;
				CLANG_ENABLE_OBJC_ARC = YES;
				CLANG_ENABLE_OBJC_WEAK = YES;
				CLANG_WARN_BLOCK_CAPTURE_AUTORELEASING = YES;
				CLANG_WARN_BOOL_CONVERSION = YES;
				CLANG_WARN_COMMA = YES;
				CLANG_WARN_CONSTANT_CONVERSION = YES;
				CLANG_WARN_DEPRECATED_OBJC_IMPLEMENTATIONS = YES;
				CLANG_WARN_DIRECT_OBJC_ISA_USAGE = YES_ERROR;
				CLANG_WARN_DOCUMENTATION_COMMENTS = YES;
				CLANG_WARN_EMPTY_BODY = YES;
				CLANG_WARN_ENUM_CONVERSION = YES;
				CLANG_WARN_INFINITE_RECURSION = YES;
				CLANG_WARN_INT_CONVERSION = YES;
				CLANG_WARN_NON_LITERAL_NULL_CONVERSION = YES;
				CLANG_WARN_OBJC_IMPLICIT_RETAIN_SELF = YES;
				CLANG_WARN_OBJC_LITERAL_CONVERSION = YES;
				CLANG_WARN_OBJC_ROOT_CLASS = YES_ERROR;
				CLANG_WARN_RANGE_LOOP_ANALYSIS = YES;
				CLANG_WARN_STRICT_PROTOTYPES = YES;
				CLANG_WARN_SUSPICIOUS_MOVE = YES;
				CLANG_WARN_UNGUARDED_AVAILABILITY = YES_AGGRESSIVE;
				CLANG_WARN_UNREACHABLE_CODE = YES;
				CLANG_WARN__DUPLICATE_METHOD_MATCH = YES;
				COPY_PHASE_STRIP = NO;
				DEBUG_INFORMATION_FORMAT = dwarf;
				ENABLE_STRICT_OBJC_MSGSEND = YES;
				ENABLE_TESTABILITY = YES;
				GCC_C_LANGUAGE_STANDARD = gnu11;
				GCC_DYNAMIC_NO_PIC = NO;
				GCC_NO_COMMON_BLOCKS = YES;
				GCC_OPTIMIZATION_LEVEL = 0;
				GCC_PREPROCESSOR_DEFINITIONS = (
					"DEBUG=1",
					"$(inherited)",
				);
				GCC_WARN_64_TO_32_BIT_CONVERSION = YES;
				GCC_WARN_ABOUT_RETURN_TYPE = YES_ERROR;
				GCC_WARN_UNDECLARED_SELECTOR = YES;
				GCC_WARN_UNINITIALIZED_AUTOS = YES_AGGRESSIVE;
				GCC_WARN_UNUSED_FUNCTION = YES;
				GCC_WARN_UNUSED_VARIABLE = YES;
				IPHONEOS_DEPLOYMENT_TARGET = 13.2;
				MTL_ENABLE_DEBUG_INFO = INCLUDE_SOURCE;
				MTL_FAST_MATH = YES;
				ONLY_ACTIVE_ARCH = YES;
				SDKROOT = iphoneos;
				SWIFT_ACTIVE_COMPILATION_CONDITIONS = DEBUG;
				SWIFT_OPTIMIZATION_LEVEL = "-Onone";
			};
			name = Debug;
		};
		4995287A23FDBA6C00AE64D7 /* Release */ = {
			isa = XCBuildConfiguration;
			buildSettings = {
				ALWAYS_SEARCH_USER_PATHS = NO;
				CLANG_ANALYZER_NONNULL = YES;
				CLANG_ANALYZER_NUMBER_OBJECT_CONVERSION = YES_AGGRESSIVE;
				CLANG_CXX_LANGUAGE_STANDARD = "gnu++14";
				CLANG_CXX_LIBRARY = "libc++";
				CLANG_ENABLE_MODULES = YES;
				CLANG_ENABLE_OBJC_ARC = YES;
				CLANG_ENABLE_OBJC_WEAK = YES;
				CLANG_WARN_BLOCK_CAPTURE_AUTORELEASING = YES;
				CLANG_WARN_BOOL_CONVERSION = YES;
				CLANG_WARN_COMMA = YES;
				CLANG_WARN_CONSTANT_CONVERSION = YES;
				CLANG_WARN_DEPRECATED_OBJC_IMPLEMENTATIONS = YES;
				CLANG_WARN_DIRECT_OBJC_ISA_USAGE = YES_ERROR;
				CLANG_WARN_DOCUMENTATION_COMMENTS = YES;
				CLANG_WARN_EMPTY_BODY = YES;
				CLANG_WARN_ENUM_CONVERSION = YES;
				CLANG_WARN_INFINITE_RECURSION = YES;
				CLANG_WARN_INT_CONVERSION = YES;
				CLANG_WARN_NON_LITERAL_NULL_CONVERSION = YES;
				CLANG_WARN_OBJC_IMPLICIT_RETAIN_SELF = YES;
				CLANG_WARN_OBJC_LITERAL_CONVERSION = YES;
				CLANG_WARN_OBJC_ROOT_CLASS = YES_ERROR;
				CLANG_WARN_RANGE_LOOP_ANALYSIS = YES;
				CLANG_WARN_STRICT_PROTOTYPES = YES;
				CLANG_WARN_SUSPICIOUS_MOVE = YES;
				CLANG_WARN_UNGUARDED_AVAILABILITY = YES_AGGRESSIVE;
				CLANG_WARN_UNREACHABLE_CODE = YES;
				CLANG_WARN__DUPLICATE_METHOD_MATCH = YES;
				COPY_PHASE_STRIP = NO;
				DEBUG_INFORMATION_FORMAT = "dwarf-with-dsym";
				ENABLE_NS_ASSERTIONS = NO;
				ENABLE_STRICT_OBJC_MSGSEND = YES;
				GCC_C_LANGUAGE_STANDARD = gnu11;
				GCC_NO_COMMON_BLOCKS = YES;
				GCC_WARN_64_TO_32_BIT_CONVERSION = YES;
				GCC_WARN_ABOUT_RETURN_TYPE = YES_ERROR;
				GCC_WARN_UNDECLARED_SELECTOR = YES;
				GCC_WARN_UNINITIALIZED_AUTOS = YES_AGGRESSIVE;
				GCC_WARN_UNUSED_FUNCTION = YES;
				GCC_WARN_UNUSED_VARIABLE = YES;
				IPHONEOS_DEPLOYMENT_TARGET = 13.2;
				MTL_ENABLE_DEBUG_INFO = NO;
				MTL_FAST_MATH = YES;
				SDKROOT = iphoneos;
				SWIFT_COMPILATION_MODE = wholemodule;
				SWIFT_OPTIMIZATION_LEVEL = "-O";
				VALIDATE_PRODUCT = YES;
			};
			name = Release;
		};
		4995287C23FDBA6C00AE64D7 /* Debug */ = {
			isa = XCBuildConfiguration;
			buildSettings = {
				ASSETCATALOG_COMPILER_APPICON_NAME = AppIcon;
				CODE_SIGN_STYLE = Automatic;
				INFOPLIST_FILE = CardsHolder/Info.plist;
				LD_RUNPATH_SEARCH_PATHS = (
					"$(inherited)",
					"@executable_path/Frameworks",
				);
				PRODUCT_BUNDLE_IDENTIFIER = "Serhii-Kharauzov.CardsHolder";
				PRODUCT_NAME = "$(TARGET_NAME)";
				SWIFT_VERSION = 5.0;
				TARGETED_DEVICE_FAMILY = 1;
			};
			name = Debug;
		};
		4995287D23FDBA6C00AE64D7 /* Release */ = {
			isa = XCBuildConfiguration;
			buildSettings = {
				ASSETCATALOG_COMPILER_APPICON_NAME = AppIcon;
				CODE_SIGN_STYLE = Automatic;
				INFOPLIST_FILE = CardsHolder/Info.plist;
				LD_RUNPATH_SEARCH_PATHS = (
					"$(inherited)",
					"@executable_path/Frameworks",
				);
				PRODUCT_BUNDLE_IDENTIFIER = "Serhii-Kharauzov.CardsHolder";
				PRODUCT_NAME = "$(TARGET_NAME)";
				SWIFT_VERSION = 5.0;
				TARGETED_DEVICE_FAMILY = 1;
			};
			name = Release;
		};
/* End XCBuildConfiguration section */

/* Begin XCConfigurationList section */
		4995286223FDBA6900AE64D7 /* Build configuration list for PBXProject "CardsHolder" */ = {
			isa = XCConfigurationList;
			buildConfigurations = (
				4995287923FDBA6C00AE64D7 /* Debug */,
				4995287A23FDBA6C00AE64D7 /* Release */,
			);
			defaultConfigurationIsVisible = 0;
			defaultConfigurationName = Release;
		};
		4995287B23FDBA6C00AE64D7 /* Build configuration list for PBXNativeTarget "CardsHolder" */ = {
			isa = XCConfigurationList;
			buildConfigurations = (
				4995287C23FDBA6C00AE64D7 /* Debug */,
				4995287D23FDBA6C00AE64D7 /* Release */,
			);
			defaultConfigurationIsVisible = 0;
			defaultConfigurationName = Release;
		};
/* End XCConfigurationList section */
	};
	rootObject = 4995285F23FDBA6900AE64D7 /* Project object */;
}
