// !$*UTF8*$!
{
	archiveVersion = 1;
	classes = {
	};
	objectVersion = 50;
	objects = {

/* Begin PBXBuildFile section */
		490EB31823FEC26800055B0C /* UIColor+Extension.swift in Sources */ = {isa = PBXBuildFile; fileRef = 490EB31723FEC26800055B0C /* UIColor+Extension.swift */; };
		490EB31B23FEC33400055B0C /* LaunchScreen.storyboard in Resources */ = {isa = PBXBuildFile; fileRef = 490EB31923FEC33400055B0C /* LaunchScreen.storyboard */; };
		490EB31D23FECDE400055B0C /* ProfileViewController.swift in Sources */ = {isa = PBXBuildFile; fileRef = 490EB31C23FECDE400055B0C /* ProfileViewController.swift */; };
		490EB32123FECFCD00055B0C /* CardView.swift in Sources */ = {isa = PBXBuildFile; fileRef = 490EB32023FECFCD00055B0C /* CardView.swift */; };
		4917F54323FDC482001DDC5C /* CardsHolderViewController.swift in Sources */ = {isa = PBXBuildFile; fileRef = 4917F54223FDC482001DDC5C /* CardsHolderViewController.swift */; };
		4917F54523FDC490001DDC5C /* CardsHolderView.swift in Sources */ = {isa = PBXBuildFile; fileRef = 4917F54423FDC490001DDC5C /* CardsHolderView.swift */; };
		493AD27924113A3C0042BBB1 /* Montserrat-LightItalic.ttf in Resources */ = {isa = PBXBuildFile; fileRef = 493AD26624113A3C0042BBB1 /* Montserrat-LightItalic.ttf */; };
		493AD27A24113A3C0042BBB1 /* Montserrat-Medium.ttf in Resources */ = {isa = PBXBuildFile; fileRef = 493AD26724113A3C0042BBB1 /* Montserrat-Medium.ttf */; };
		493AD27B24113A3C0042BBB1 /* Montserrat-BoldItalic.ttf in Resources */ = {isa = PBXBuildFile; fileRef = 493AD26824113A3C0042BBB1 /* Montserrat-BoldItalic.ttf */; };
		493AD27C24113A3C0042BBB1 /* Montserrat-Light.ttf in Resources */ = {isa = PBXBuildFile; fileRef = 493AD26924113A3C0042BBB1 /* Montserrat-Light.ttf */; };
		493AD27D24113A3C0042BBB1 /* Montserrat-ThinItalic.ttf in Resources */ = {isa = PBXBuildFile; fileRef = 493AD26A24113A3C0042BBB1 /* Montserrat-ThinItalic.ttf */; };
		493AD27E24113A3C0042BBB1 /* Montserrat-ExtraLight.ttf in Resources */ = {isa = PBXBuildFile; fileRef = 493AD26B24113A3C0042BBB1 /* Montserrat-ExtraLight.ttf */; };
		493AD27F24113A3C0042BBB1 /* Montserrat-Thin.ttf in Resources */ = {isa = PBXBuildFile; fileRef = 493AD26C24113A3C0042BBB1 /* Montserrat-Thin.ttf */; };
		493AD28024113A3C0042BBB1 /* Montserrat-Bold.ttf in Resources */ = {isa = PBXBuildFile; fileRef = 493AD26D24113A3C0042BBB1 /* Montserrat-Bold.ttf */; };
		493AD28124113A3C0042BBB1 /* Montserrat-MediumItalic.ttf in Resources */ = {isa = PBXBuildFile; fileRef = 493AD26E24113A3C0042BBB1 /* Montserrat-MediumItalic.ttf */; };
		493AD28224113A3C0042BBB1 /* Montserrat-BlackItalic.ttf in Resources */ = {isa = PBXBuildFile; fileRef = 493AD26F24113A3C0042BBB1 /* Montserrat-BlackItalic.ttf */; };
		493AD28324113A3C0042BBB1 /* Montserrat-SemiBold.ttf in Resources */ = {isa = PBXBuildFile; fileRef = 493AD27024113A3C0042BBB1 /* Montserrat-SemiBold.ttf */; };
		493AD28424113A3C0042BBB1 /* Montserrat-ExtraLightItalic.ttf in Resources */ = {isa = PBXBuildFile; fileRef = 493AD27124113A3C0042BBB1 /* Montserrat-ExtraLightItalic.ttf */; };
		493AD28524113A3C0042BBB1 /* Montserrat-ExtraBold.ttf in Resources */ = {isa = PBXBuildFile; fileRef = 493AD27224113A3C0042BBB1 /* Montserrat-ExtraBold.ttf */; };
		493AD28624113A3C0042BBB1 /* OFL.txt in Resources */ = {isa = PBXBuildFile; fileRef = 493AD27324113A3C0042BBB1 /* OFL.txt */; };
		493AD28724113A3C0042BBB1 /* Montserrat-Black.ttf in Resources */ = {isa = PBXBuildFile; fileRef = 493AD27424113A3C0042BBB1 /* Montserrat-Black.ttf */; };
		493AD28824113A3C0042BBB1 /* Montserrat-Regular.ttf in Resources */ = {isa = PBXBuildFile; fileRef = 493AD27524113A3C0042BBB1 /* Montserrat-Regular.ttf */; };
		493AD28924113A3C0042BBB1 /* Montserrat-Italic.ttf in Resources */ = {isa = PBXBuildFile; fileRef = 493AD27624113A3C0042BBB1 /* Montserrat-Italic.ttf */; };
		493AD28A24113A3C0042BBB1 /* Montserrat-SemiBoldItalic.ttf in Resources */ = {isa = PBXBuildFile; fileRef = 493AD27724113A3C0042BBB1 /* Montserrat-SemiBoldItalic.ttf */; };
		493AD28B24113A3C0042BBB1 /* Montserrat-ExtraBoldItalic.ttf in Resources */ = {isa = PBXBuildFile; fileRef = 493AD27824113A3C0042BBB1 /* Montserrat-ExtraBoldItalic.ttf */; };
		493AD28D24113B400042BBB1 /* UIFont+Extension.swift in Sources */ = {isa = PBXBuildFile; fileRef = 493AD28C24113B400042BBB1 /* UIFont+Extension.swift */; };
		493AD28F24113CFB0042BBB1 /* ProfileShortInfoViewController.swift in Sources */ = {isa = PBXBuildFile; fileRef = 493AD28E24113CFB0042BBB1 /* ProfileShortInfoViewController.swift */; };
		493AD29324113D280042BBB1 /* ProfileActivityViewController.swift in Sources */ = {isa = PBXBuildFile; fileRef = 493AD29224113D280042BBB1 /* ProfileActivityViewController.swift */; };
		493AD29624113E380042BBB1 /* RecommendationsViewController.swift in Sources */ = {isa = PBXBuildFile; fileRef = 493AD29524113E380042BBB1 /* RecommendationsViewController.swift */; };
		493AD29824113E4A0042BBB1 /* ProfileShortInfoView.swift in Sources */ = {isa = PBXBuildFile; fileRef = 493AD29724113E4A0042BBB1 /* ProfileShortInfoView.swift */; };
		493AD29B241142170042BBB1 /* GridLayout.swift in Sources */ = {isa = PBXBuildFile; fileRef = 493AD29A241142170042BBB1 /* GridLayout.swift */; };
		4995286B23FDBA6900AE64D7 /* AppDelegate.swift in Sources */ = {isa = PBXBuildFile; fileRef = 4995286A23FDBA6900AE64D7 /* AppDelegate.swift */; };
		4995287423FDBA6C00AE64D7 /* Assets.xcassets in Resources */ = {isa = PBXBuildFile; fileRef = 4995287323FDBA6C00AE64D7 /* Assets.xcassets */; };
		49AB3C2723FFDE6400831E73 /* CardsDragger.swift in Sources */ = {isa = PBXBuildFile; fileRef = 49AB3C2623FFDE6400831E73 /* CardsDragger.swift */; };
/* End PBXBuildFile section */

/* Begin PBXFileReference section */
		490EB31723FEC26800055B0C /* UIColor+Extension.swift */ = {isa = PBXFileReference; lastKnownFileType = sourcecode.swift; path = "UIColor+Extension.swift"; sourceTree = "<group>"; };
		490EB31A23FEC33400055B0C /* Base */ = {isa = PBXFileReference; lastKnownFileType = file.storyboard; name = Base; path = CardsHolder/Base.lproj/LaunchScreen.storyboard; sourceTree = SOURCE_ROOT; };
		490EB31C23FECDE400055B0C /* ProfileViewController.swift */ = {isa = PBXFileReference; lastKnownFileType = sourcecode.swift; path = ProfileViewController.swift; sourceTree = "<group>"; };
		490EB32023FECFCD00055B0C /* CardView.swift */ = {isa = PBXFileReference; lastKnownFileType = sourcecode.swift; path = CardView.swift; sourceTree = "<group>"; };
		4917F54223FDC482001DDC5C /* CardsHolderViewController.swift */ = {isa = PBXFileReference; lastKnownFileType = sourcecode.swift; path = CardsHolderViewController.swift; sourceTree = "<group>"; };
		4917F54423FDC490001DDC5C /* CardsHolderView.swift */ = {isa = PBXFileReference; lastKnownFileType = sourcecode.swift; path = CardsHolderView.swift; sourceTree = "<group>"; };
		493AD26624113A3C0042BBB1 /* Montserrat-LightItalic.ttf */ = {isa = PBXFileReference; lastKnownFileType = file; path = "Montserrat-LightItalic.ttf"; sourceTree = "<group>"; };
		493AD26724113A3C0042BBB1 /* Montserrat-Medium.ttf */ = {isa = PBXFileReference; lastKnownFileType = file; path = "Montserrat-Medium.ttf"; sourceTree = "<group>"; };
		493AD26824113A3C0042BBB1 /* Montserrat-BoldItalic.ttf */ = {isa = PBXFileReference; lastKnownFileType = file; path = "Montserrat-BoldItalic.ttf"; sourceTree = "<group>"; };
		493AD26924113A3C0042BBB1 /* Montserrat-Light.ttf */ = {isa = PBXFileReference; lastKnownFileType = file; path = "Montserrat-Light.ttf"; sourceTree = "<group>"; };
		493AD26A24113A3C0042BBB1 /* Montserrat-ThinItalic.ttf */ = {isa = PBXFileReference; lastKnownFileType = file; path = "Montserrat-ThinItalic.ttf"; sourceTree = "<group>"; };
		493AD26B24113A3C0042BBB1 /* Montserrat-ExtraLight.ttf */ = {isa = PBXFileReference; lastKnownFileType = file; path = "Montserrat-ExtraLight.ttf"; sourceTree = "<group>"; };
		493AD26C24113A3C0042BBB1 /* Montserrat-Thin.ttf */ = {isa = PBXFileReference; lastKnownFileType = file; path = "Montserrat-Thin.ttf"; sourceTree = "<group>"; };
		493AD26D24113A3C0042BBB1 /* Montserrat-Bold.ttf */ = {isa = PBXFileReference; lastKnownFileType = file; path = "Montserrat-Bold.ttf"; sourceTree = "<group>"; };
		493AD26E24113A3C0042BBB1 /* Montserrat-MediumItalic.ttf */ = {isa = PBXFileReference; lastKnownFileType = file; path = "Montserrat-MediumItalic.ttf"; sourceTree = "<group>"; };
		493AD26F24113A3C0042BBB1 /* Montserrat-BlackItalic.ttf */ = {isa = PBXFileReference; lastKnownFileType = file; path = "Montserrat-BlackItalic.ttf"; sourceTree = "<group>"; };
		493AD27024113A3C0042BBB1 /* Montserrat-SemiBold.ttf */ = {isa = PBXFileReference; lastKnownFileType = file; path = "Montserrat-SemiBold.ttf"; sourceTree = "<group>"; };
		493AD27124113A3C0042BBB1 /* Montserrat-ExtraLightItalic.ttf */ = {isa = PBXFileReference; lastKnownFileType = file; path = "Montserrat-ExtraLightItalic.ttf"; sourceTree = "<group>"; };
		493AD27224113A3C0042BBB1 /* Montserrat-ExtraBold.ttf */ = {isa = PBXFileReference; lastKnownFileType = file; path = "Montserrat-ExtraBold.ttf"; sourceTree = "<group>"; };
		493AD27324113A3C0042BBB1 /* OFL.txt */ = {isa = PBXFileReference; fileEncoding = 4; lastKnownFileType = text; path = OFL.txt; sourceTree = "<group>"; };
		493AD27424113A3C0042BBB1 /* Montserrat-Black.ttf */ = {isa = PBXFileReference; lastKnownFileType = file; path = "Montserrat-Black.ttf"; sourceTree = "<group>"; };
		493AD27524113A3C0042BBB1 /* Montserrat-Regular.ttf */ = {isa = PBXFileReference; lastKnownFileType = file; path = "Montserrat-Regular.ttf"; sourceTree = "<group>"; };
		493AD27624113A3C0042BBB1 /* Montserrat-Italic.ttf */ = {isa = PBXFileReference; lastKnownFileType = file; path = "Montserrat-Italic.ttf"; sourceTree = "<group>"; };
		493AD27724113A3C0042BBB1 /* Montserrat-SemiBoldItalic.ttf */ = {isa = PBXFileReference; lastKnownFileType = file; path = "Montserrat-SemiBoldItalic.ttf"; sourceTree = "<group>"; };
		493AD27824113A3C0042BBB1 /* Montserrat-ExtraBoldItalic.ttf */ = {isa = PBXFileReference; lastKnownFileType = file; path = "Montserrat-ExtraBoldItalic.ttf"; sourceTree = "<group>"; };
		493AD28C24113B400042BBB1 /* UIFont+Extension.swift */ = {isa = PBXFileReference; fileEncoding = 4; lastKnownFileType = sourcecode.swift; path = "UIFont+Extension.swift"; sourceTree = "<group>"; };
		493AD28E24113CFB0042BBB1 /* ProfileShortInfoViewController.swift */ = {isa = PBXFileReference; lastKnownFileType = sourcecode.swift; path = ProfileShortInfoViewController.swift; sourceTree = "<group>"; };
		493AD29224113D280042BBB1 /* ProfileActivityViewController.swift */ = {isa = PBXFileReference; lastKnownFileType = sourcecode.swift; path = ProfileActivityViewController.swift; sourceTree = "<group>"; };
		493AD29524113E380042BBB1 /* RecommendationsViewController.swift */ = {isa = PBXFileReference; lastKnownFileType = sourcecode.swift; path = RecommendationsViewController.swift; sourceTree = "<group>"; };
		493AD29724113E4A0042BBB1 /* ProfileShortInfoView.swift */ = {isa = PBXFileReference; lastKnownFileType = sourcecode.swift; path = ProfileShortInfoView.swift; sourceTree = "<group>"; };
		493AD29A241142170042BBB1 /* GridLayout.swift */ = {isa = PBXFileReference; lastKnownFileType = sourcecode.swift; path = GridLayout.swift; sourceTree = "<group>"; };
		4995286723FDBA6900AE64D7 /* CardsHolder.app */ = {isa = PBXFileReference; explicitFileType = wrapper.application; includeInIndex = 0; path = CardsHolder.app; sourceTree = BUILT_PRODUCTS_DIR; };
		4995286A23FDBA6900AE64D7 /* AppDelegate.swift */ = {isa = PBXFileReference; lastKnownFileType = sourcecode.swift; name = AppDelegate.swift; path = SupportingFiles/AppDelegate.swift; sourceTree = "<group>"; };
		4995287323FDBA6C00AE64D7 /* Assets.xcassets */ = {isa = PBXFileReference; lastKnownFileType = folder.assetcatalog; path = Assets.xcassets; sourceTree = "<group>"; };
		4995287823FDBA6C00AE64D7 /* Info.plist */ = {isa = PBXFileReference; lastKnownFileType = text.plist.xml; path = Info.plist; sourceTree = "<group>"; };
		49AB3C2623FFDE6400831E73 /* CardsDragger.swift */ = {isa = PBXFileReference; lastKnownFileType = sourcecode.swift; path = CardsDragger.swift; sourceTree = "<group>"; };
/* End PBXFileReference section */

/* Begin PBXFrameworksBuildPhase section */
		4995286423FDBA6900AE64D7 /* Frameworks */ = {
			isa = PBXFrameworksBuildPhase;
			buildActionMask = 2147483647;
			files = (
			);
			runOnlyForDeploymentPostprocessing = 0;
		};
/* End PBXFrameworksBuildPhase section */

/* Begin PBXGroup section */
		490EB31623FEC25B00055B0C /* Extensions */ = {
			isa = PBXGroup;
			children = (
				490EB31723FEC26800055B0C /* UIColor+Extension.swift */,
				493AD28C24113B400042BBB1 /* UIFont+Extension.swift */,
			);
			path = Extensions;
			sourceTree = "<group>";
		};
		4917129324114F970030EE08 /* ProfileFlow */ = {
			isa = PBXGroup;
			children = (
				490EB31C23FECDE400055B0C /* ProfileViewController.swift */,
				493AD29424113D2B0042BBB1 /* Recommendations */,
				493AD29124113D0F0042BBB1 /* ProfileActivity */,
				493AD29024113D000042BBB1 /* ProfileShortInfo */,
			);
			path = ProfileFlow;
			sourceTree = "<group>";
		};
		4917F53F23FDC412001DDC5C /* SupportingFiles */ = {
			isa = PBXGroup;
			children = (
				493AD26424113A2C0042BBB1 /* Fonts */,
				490EB31923FEC33400055B0C /* LaunchScreen.storyboard */,
				4995287323FDBA6C00AE64D7 /* Assets.xcassets */,
				4995287823FDBA6C00AE64D7 /* Info.plist */,
			);
			path = SupportingFiles;
			sourceTree = "<group>";
		};
		4917F54023FDC458001DDC5C /* Source */ = {
			isa = PBXGroup;
			children = (
				4917F54223FDC482001DDC5C /* CardsHolderViewController.swift */,
				4917F54423FDC490001DDC5C /* CardsHolderView.swift */,
				490EB32023FECFCD00055B0C /* CardView.swift */,
				49AB3C2623FFDE6400831E73 /* CardsDragger.swift */,
			);
			path = Source;
			sourceTree = "<group>";
		};
		4917F54123FDC46A001DDC5C /* Scenes */ = {
			isa = PBXGroup;
			children = (
				4917129324114F970030EE08 /* ProfileFlow */,
			);
			path = Scenes;
			sourceTree = "<group>";
		};
		493AD26424113A2C0042BBB1 /* Fonts */ = {
			isa = PBXGroup;
			children = (
				493AD26524113A3C0042BBB1 /* Montserrat */,
			);
			path = Fonts;
			sourceTree = "<group>";
		};
		493AD26524113A3C0042BBB1 /* Montserrat */ = {
			isa = PBXGroup;
			children = (
				493AD26624113A3C0042BBB1 /* Montserrat-LightItalic.ttf */,
				493AD26724113A3C0042BBB1 /* Montserrat-Medium.ttf */,
				493AD26824113A3C0042BBB1 /* Montserrat-BoldItalic.ttf */,
				493AD26924113A3C0042BBB1 /* Montserrat-Light.ttf */,
				493AD26A24113A3C0042BBB1 /* Montserrat-ThinItalic.ttf */,
				493AD26B24113A3C0042BBB1 /* Montserrat-ExtraLight.ttf */,
				493AD26C24113A3C0042BBB1 /* Montserrat-Thin.ttf */,
				493AD26D24113A3C0042BBB1 /* Montserrat-Bold.ttf */,
				493AD26E24113A3C0042BBB1 /* Montserrat-MediumItalic.ttf */,
				493AD26F24113A3C0042BBB1 /* Montserrat-BlackItalic.ttf */,
				493AD27024113A3C0042BBB1 /* Montserrat-SemiBold.ttf */,
				493AD27124113A3C0042BBB1 /* Montserrat-ExtraLightItalic.ttf */,
				493AD27224113A3C0042BBB1 /* Montserrat-ExtraBold.ttf */,
				493AD27324113A3C0042BBB1 /* OFL.txt */,
				493AD27424113A3C0042BBB1 /* Montserrat-Black.ttf */,
				493AD27524113A3C0042BBB1 /* Montserrat-Regular.ttf */,
				493AD27624113A3C0042BBB1 /* Montserrat-Italic.ttf */,
				493AD27724113A3C0042BBB1 /* Montserrat-SemiBoldItalic.ttf */,
				493AD27824113A3C0042BBB1 /* Montserrat-ExtraBoldItalic.ttf */,
			);
			path = Montserrat;
			sourceTree = "<group>";
		};
		493AD29024113D000042BBB1 /* ProfileShortInfo */ = {
			isa = PBXGroup;
			children = (
				493AD28E24113CFB0042BBB1 /* ProfileShortInfoViewController.swift */,
				493AD29724113E4A0042BBB1 /* ProfileShortInfoView.swift */,
			);
			path = ProfileShortInfo;
			sourceTree = "<group>";
		};
		493AD29124113D0F0042BBB1 /* ProfileActivity */ = {
			isa = PBXGroup;
			children = (
				493AD29224113D280042BBB1 /* ProfileActivityViewController.swift */,
			);
			path = ProfileActivity;
			sourceTree = "<group>";
		};
		493AD29424113D2B0042BBB1 /* Recommendations */ = {
			isa = PBXGroup;
			children = (
				493AD29524113E380042BBB1 /* RecommendationsViewController.swift */,
			);
			path = Recommendations;
			sourceTree = "<group>";
		};
		493AD299241142050042BBB1 /* Utils */ = {
			isa = PBXGroup;
			children = (
				493AD29A241142170042BBB1 /* GridLayout.swift */,
			);
			path = Utils;
			sourceTree = "<group>";
		};
		4995285E23FDBA6900AE64D7 = {
			isa = PBXGroup;
			children = (
				4995286923FDBA6900AE64D7 /* CardsHolder */,
				4995286823FDBA6900AE64D7 /* Products */,
			);
			sourceTree = "<group>";
		};
		4995286823FDBA6900AE64D7 /* Products */ = {
			isa = PBXGroup;
			children = (
				4995286723FDBA6900AE64D7 /* CardsHolder.app */,
			);
			name = Products;
			sourceTree = "<group>";
		};
		4995286923FDBA6900AE64D7 /* CardsHolder */ = {
			isa = PBXGroup;
			children = (
				493AD299241142050042BBB1 /* Utils */,
				490EB31623FEC25B00055B0C /* Extensions */,
				4917F54023FDC458001DDC5C /* Source */,
				4917F54123FDC46A001DDC5C /* Scenes */,
				4995286A23FDBA6900AE64D7 /* AppDelegate.swift */,
				4917F53F23FDC412001DDC5C /* SupportingFiles */,
			);
			path = CardsHolder;
			sourceTree = "<group>";
		};
/* End PBXGroup section */

/* Begin PBXNativeTarget section */
		4995286623FDBA6900AE64D7 /* CardsHolder */ = {
			isa = PBXNativeTarget;
			buildConfigurationList = 4995287B23FDBA6C00AE64D7 /* Build configuration list for PBXNativeTarget "CardsHolder" */;
			buildPhases = (
				4995286323FDBA6900AE64D7 /* Sources */,
				4995286423FDBA6900AE64D7 /* Frameworks */,
				4995286523FDBA6900AE64D7 /* Resources */,
			);
			buildRules = (
			);
			dependencies = (
			);
			name = CardsHolder;
			productName = CardsHolder;
			productReference = 4995286723FDBA6900AE64D7 /* CardsHolder.app */;
			productType = "com.apple.product-type.application";
		};
/* End PBXNativeTarget section */

/* Begin PBXProject section */
		4995285F23FDBA6900AE64D7 /* Project object */ = {
			isa = PBXProject;
			attributes = {
				LastSwiftUpdateCheck = 1130;
				LastUpgradeCheck = 1130;
				ORGANIZATIONNAME = "Serhii Kharauzov";
				TargetAttributes = {
					4995286623FDBA6900AE64D7 = {
						CreatedOnToolsVersion = 11.3;
					};
				};
			};
			buildConfigurationList = 4995286223FDBA6900AE64D7 /* Build configuration list for PBXProject "CardsHolder" */;
			compatibilityVersion = "Xcode 9.3";
			developmentRegion = en;
			hasScannedForEncodings = 0;
			knownRegions = (
				en,
				Base,
			);
			mainGroup = 4995285E23FDBA6900AE64D7;
			productRefGroup = 4995286823FDBA6900AE64D7 /* Products */;
			projectDirPath = "";
			projectRoot = "";
			targets = (
				4995286623FDBA6900AE64D7 /* CardsHolder */,
			);
		};
/* End PBXProject section */

/* Begin PBXResourcesBuildPhase section */
		4995286523FDBA6900AE64D7 /* Resources */ = {
			isa = PBXResourcesBuildPhase;
			buildActionMask = 2147483647;
			files = (
				493AD28824113A3C0042BBB1 /* Montserrat-Regular.ttf in Resources */,
				493AD28124113A3C0042BBB1 /* Montserrat-MediumItalic.ttf in Resources */,
				493AD28724113A3C0042BBB1 /* Montserrat-Black.ttf in Resources */,
				493AD28024113A3C0042BBB1 /* Montserrat-Bold.ttf in Resources */,
				493AD28324113A3C0042BBB1 /* Montserrat-SemiBold.ttf in Resources */,
				493AD27C24113A3C0042BBB1 /* Montserrat-Light.ttf in Resources */,
				493AD28924113A3C0042BBB1 /* Montserrat-Italic.ttf in Resources */,
				493AD27F24113A3C0042BBB1 /* Montserrat-Thin.ttf in Resources */,
				493AD27D24113A3C0042BBB1 /* Montserrat-ThinItalic.ttf in Resources */,
				493AD28624113A3C0042BBB1 /* OFL.txt in Resources */,
				4995287423FDBA6C00AE64D7 /* Assets.xcassets in Resources */,
				490EB31B23FEC33400055B0C /* LaunchScreen.storyboard in Resources */,
				493AD27A24113A3C0042BBB1 /* Montserrat-Medium.ttf in Resources */,
				493AD27E24113A3C0042BBB1 /* Montserrat-ExtraLight.ttf in Resources */,
				493AD28524113A3C0042BBB1 /* Montserrat-ExtraBold.ttf in Resources */,
				493AD28224113A3C0042BBB1 /* Montserrat-BlackItalic.ttf in Resources */,
				493AD27B24113A3C0042BBB1 /* Montserrat-BoldItalic.ttf in Resources */,
				493AD27924113A3C0042BBB1 /* Montserrat-LightItalic.ttf in Resources */,
				493AD28B24113A3C0042BBB1 /* Montserrat-ExtraBoldItalic.ttf in Resources */,
				493AD28A24113A3C0042BBB1 /* Montserrat-SemiBoldItalic.ttf in Resources */,
				493AD28424113A3C0042BBB1 /* Montserrat-ExtraLightItalic.ttf in Resources */,
			);
			runOnlyForDeploymentPostprocessing = 0;
		};
/* End PBXResourcesBuildPhase section */

/* Begin PBXSourcesBuildPhase section */
		4995286323FDBA6900AE64D7 /* Sources */ = {
			isa = PBXSourcesBuildPhase;
			buildActionMask = 2147483647;
			files = (
				490EB32123FECFCD00055B0C /* CardView.swift in Sources */,
				493AD29624113E380042BBB1 /* RecommendationsViewController.swift in Sources */,
				493AD28F24113CFB0042BBB1 /* ProfileShortInfoViewController.swift in Sources */,
				4917F54323FDC482001DDC5C /* CardsHolderViewController.swift in Sources */,
				493AD29324113D280042BBB1 /* ProfileActivityViewController.swift in Sources */,
				493AD29824113E4A0042BBB1 /* ProfileShortInfoView.swift in Sources */,
				493AD29B241142170042BBB1 /* GridLayout.swift in Sources */,
				4995286B23FDBA6900AE64D7 /* AppDelegate.swift in Sources */,
				49AB3C2723FFDE6400831E73 /* CardsDragger.swift in Sources */,
				490EB31D23FECDE400055B0C /* ProfileViewController.swift in Sources */,
				4917F54523FDC490001DDC5C /* CardsHolderView.swift in Sources */,
				493AD28D24113B400042BBB1 /* UIFont+Extension.swift in Sources */,
				490EB31823FEC26800055B0C /* UIColor+Extension.swift in Sources */,
			);
			runOnlyForDeploymentPostprocessing = 0;
		};
/* End PBXSourcesBuildPhase section */

/* Begin PBXVariantGroup section */
		490EB31923FEC33400055B0C /* LaunchScreen.storyboard */ = {
			isa = PBXVariantGroup;
			children = (
				490EB31A23FEC33400055B0C /* Base */,
			);
			name = LaunchScreen.storyboard;
			sourceTree = "<group>";
		};
/* End PBXVariantGroup section */

/* Begin XCBuildConfiguration section */
		4995287923FDBA6C00AE64D7 /* Debug */ = {
			isa = XCBuildConfiguration;
			buildSettings = {
				ALWAYS_SEARCH_USER_PATHS = NO;
				CLANG_ANALYZER_NONNULL = YES;
				CLANG_ANALYZER_NUMBER_OBJECT_CONVERSION = YES_AGGRESSIVE;
				CLANG_CXX_LANGUAGE_STANDARD = "gnu++14";
				CLANG_CXX_LIBRARY = "libc++";
				CLANG_ENABLE_MODULES = YES;
				CLANG_ENABLE_OBJC_ARC = YES;
				CLANG_ENABLE_OBJC_WEAK = YES;
				CLANG_WARN_BLOCK_CAPTURE_AUTORELEASING = YES;
				CLANG_WARN_BOOL_CONVERSION = YES;
				CLANG_WARN_COMMA = YES;
				CLANG_WARN_CONSTANT_CONVERSION = YES;
				CLANG_WARN_DEPRECATED_OBJC_IMPLEMENTATIONS = YES;
				CLANG_WARN_DIRECT_OBJC_ISA_USAGE = YES_ERROR;
				CLANG_WARN_DOCUMENTATION_COMMENTS = YES;
				CLANG_WARN_EMPTY_BODY = YES;
				CLANG_WARN_ENUM_CONVERSION = YES;
				CLANG_WARN_INFINITE_RECURSION = YES;
				CLANG_WARN_INT_CONVERSION = YES;
				CLANG_WARN_NON_LITERAL_NULL_CONVERSION = YES;
				CLANG_WARN_OBJC_IMPLICIT_RETAIN_SELF = YES;
				CLANG_WARN_OBJC_LITERAL_CONVERSION = YES;
				CLANG_WARN_OBJC_ROOT_CLASS = YES_ERROR;
				CLANG_WARN_RANGE_LOOP_ANALYSIS = YES;
				CLANG_WARN_STRICT_PROTOTYPES = YES;
				CLANG_WARN_SUSPICIOUS_MOVE = YES;
				CLANG_WARN_UNGUARDED_AVAILABILITY = YES_AGGRESSIVE;
				CLANG_WARN_UNREACHABLE_CODE = YES;
				CLANG_WARN__DUPLICATE_METHOD_MATCH = YES;
				COPY_PHASE_STRIP = NO;
				DEBUG_INFORMATION_FORMAT = dwarf;
				ENABLE_STRICT_OBJC_MSGSEND = YES;
				ENABLE_TESTABILITY = YES;
				GCC_C_LANGUAGE_STANDARD = gnu11;
				GCC_DYNAMIC_NO_PIC = NO;
				GCC_NO_COMMON_BLOCKS = YES;
				GCC_OPTIMIZATION_LEVEL = 0;
				GCC_PREPROCESSOR_DEFINITIONS = (
					"DEBUG=1",
					"$(inherited)",
				);
				GCC_WARN_64_TO_32_BIT_CONVERSION = YES;
				GCC_WARN_ABOUT_RETURN_TYPE = YES_ERROR;
				GCC_WARN_UNDECLARED_SELECTOR = YES;
				GCC_WARN_UNINITIALIZED_AUTOS = YES_AGGRESSIVE;
				GCC_WARN_UNUSED_FUNCTION = YES;
				GCC_WARN_UNUSED_VARIABLE = YES;
				IPHONEOS_DEPLOYMENT_TARGET = 13.2;
				MTL_ENABLE_DEBUG_INFO = INCLUDE_SOURCE;
				MTL_FAST_MATH = YES;
				ONLY_ACTIVE_ARCH = YES;
				SDKROOT = iphoneos;
				SWIFT_ACTIVE_COMPILATION_CONDITIONS = DEBUG;
				SWIFT_OPTIMIZATION_LEVEL = "-Onone";
			};
			name = Debug;
		};
		4995287A23FDBA6C00AE64D7 /* Release */ = {
			isa = XCBuildConfiguration;
			buildSettings = {
				ALWAYS_SEARCH_USER_PATHS = NO;
				CLANG_ANALYZER_NONNULL = YES;
				CLANG_ANALYZER_NUMBER_OBJECT_CONVERSION = YES_AGGRESSIVE;
				CLANG_CXX_LANGUAGE_STANDARD = "gnu++14";
				CLANG_CXX_LIBRARY = "libc++";
				CLANG_ENABLE_MODULES = YES;
				CLANG_ENABLE_OBJC_ARC = YES;
				CLANG_ENABLE_OBJC_WEAK = YES;
				CLANG_WARN_BLOCK_CAPTURE_AUTORELEASING = YES;
				CLANG_WARN_BOOL_CONVERSION = YES;
				CLANG_WARN_COMMA = YES;
				CLANG_WARN_CONSTANT_CONVERSION = YES;
				CLANG_WARN_DEPRECATED_OBJC_IMPLEMENTATIONS = YES;
				CLANG_WARN_DIRECT_OBJC_ISA_USAGE = YES_ERROR;
				CLANG_WARN_DOCUMENTATION_COMMENTS = YES;
				CLANG_WARN_EMPTY_BODY = YES;
				CLANG_WARN_ENUM_CONVERSION = YES;
				CLANG_WARN_INFINITE_RECURSION = YES;
				CLANG_WARN_INT_CONVERSION = YES;
				CLANG_WARN_NON_LITERAL_NULL_CONVERSION = YES;
				CLANG_WARN_OBJC_IMPLICIT_RETAIN_SELF = YES;
				CLANG_WARN_OBJC_LITERAL_CONVERSION = YES;
				CLANG_WARN_OBJC_ROOT_CLASS = YES_ERROR;
				CLANG_WARN_RANGE_LOOP_ANALYSIS = YES;
				CLANG_WARN_STRICT_PROTOTYPES = YES;
				CLANG_WARN_SUSPICIOUS_MOVE = YES;
				CLANG_WARN_UNGUARDED_AVAILABILITY = YES_AGGRESSIVE;
				CLANG_WARN_UNREACHABLE_CODE = YES;
				CLANG_WARN__DUPLICATE_METHOD_MATCH = YES;
				COPY_PHASE_STRIP = NO;
				DEBUG_INFORMATION_FORMAT = "dwarf-with-dsym";
				ENABLE_NS_ASSERTIONS = NO;
				ENABLE_STRICT_OBJC_MSGSEND = YES;
				GCC_C_LANGUAGE_STANDARD = gnu11;
				GCC_NO_COMMON_BLOCKS = YES;
				GCC_WARN_64_TO_32_BIT_CONVERSION = YES;
				GCC_WARN_ABOUT_RETURN_TYPE = YES_ERROR;
				GCC_WARN_UNDECLARED_SELECTOR = YES;
				GCC_WARN_UNINITIALIZED_AUTOS = YES_AGGRESSIVE;
				GCC_WARN_UNUSED_FUNCTION = YES;
				GCC_WARN_UNUSED_VARIABLE = YES;
				IPHONEOS_DEPLOYMENT_TARGET = 13.2;
				MTL_ENABLE_DEBUG_INFO = NO;
				MTL_FAST_MATH = YES;
				SDKROOT = iphoneos;
				SWIFT_COMPILATION_MODE = wholemodule;
				SWIFT_OPTIMIZATION_LEVEL = "-O";
				VALIDATE_PRODUCT = YES;
			};
			name = Release;
		};
		4995287C23FDBA6C00AE64D7 /* Debug */ = {
			isa = XCBuildConfiguration;
			buildSettings = {
				ASSETCATALOG_COMPILER_APPICON_NAME = AppIcon;
				CODE_SIGN_STYLE = Manual;
				DEVELOPMENT_TEAM = "";
				INFOPLIST_FILE = "$(SRCROOT)/CardsHolder/SupportingFiles/Info.plist";
				IPHONEOS_DEPLOYMENT_TARGET = 11.0;
				LD_RUNPATH_SEARCH_PATHS = (
					"$(inherited)",
					"@executable_path/Frameworks",
				);
				PRODUCT_BUNDLE_IDENTIFIER = "Serhii-Kharauzov.CardsHolder";
				PRODUCT_NAME = "$(TARGET_NAME)";
				PROVISIONING_PROFILE_SPECIFIER = "";
				SWIFT_VERSION = 5.0;
				TARGETED_DEVICE_FAMILY = 1;
			};
			name = Debug;
		};
		4995287D23FDBA6C00AE64D7 /* Release */ = {
			isa = XCBuildConfiguration;
			buildSettings = {
				ASSETCATALOG_COMPILER_APPICON_NAME = AppIcon;
				CODE_SIGN_STYLE = Manual;
				DEVELOPMENT_TEAM = "";
				INFOPLIST_FILE = "$(SRCROOT)/CardsHolder/SupportingFiles/Info.plist";
				IPHONEOS_DEPLOYMENT_TARGET = 11.0;
				LD_RUNPATH_SEARCH_PATHS = (
					"$(inherited)",
					"@executable_path/Frameworks",
				);
				PRODUCT_BUNDLE_IDENTIFIER = "Serhii-Kharauzov.CardsHolder";
				PRODUCT_NAME = "$(TARGET_NAME)";
				PROVISIONING_PROFILE_SPECIFIER = "";
				SWIFT_VERSION = 5.0;
				TARGETED_DEVICE_FAMILY = 1;
			};
			name = Release;
		};
/* End XCBuildConfiguration section */

/* Begin XCConfigurationList section */
		4995286223FDBA6900AE64D7 /* Build configuration list for PBXProject "CardsHolder" */ = {
			isa = XCConfigurationList;
			buildConfigurations = (
				4995287923FDBA6C00AE64D7 /* Debug */,
				4995287A23FDBA6C00AE64D7 /* Release */,
			);
			defaultConfigurationIsVisible = 0;
			defaultConfigurationName = Release;
		};
		4995287B23FDBA6C00AE64D7 /* Build configuration list for PBXNativeTarget "CardsHolder" */ = {
			isa = XCConfigurationList;
			buildConfigurations = (
				4995287C23FDBA6C00AE64D7 /* Debug */,
				4995287D23FDBA6C00AE64D7 /* Release */,
			);
			defaultConfigurationIsVisible = 0;
			defaultConfigurationName = Release;
		};
/* End XCConfigurationList section */
	};
	rootObject = 4995285F23FDBA6900AE64D7 /* Project object */;
}
